
Microsoft Visual Studio Solution File, Format Version 12.00
# Visual Studio Version 16
VisualStudioVersion = 16.0.31515.178
MinimumVisualStudioVersion = 10.0.40219.1
Project("{FAE04EC0-301F-11D3-BF4B-00C04F79EFBC}") = "holamundo", "holamundo.csproj", "{734B8454-2990-4AB6-B182-506AD402B4DA}"
EndProject
Global
	GlobalSection(SolutionConfigurationPlatforms) = preSolution
		Debug|Any CPU = Debug|Any CPU
		Release|Any CPU = Release|Any CPU
	EndGlobalSection
	GlobalSection(ProjectConfigurationPlatforms) = postSolution
		{734B8454-2990-4AB6-B182-506AD402B4DA}.Debug|Any CPU.ActiveCfg = Debug|Any CPU
		{734B8454-2990-4AB6-B182-506AD402B4DA}.Debug|Any CPU.Build.0 = Debug|Any CPU
		{734B8454-2990-4AB6-B182-506AD402B4DA}.Release|Any CPU.ActiveCfg = Release|Any CPU
		{734B8454-2990-4AB6-B182-506AD402B4DA}.Release|Any CPU.Build.0 = Release|Any CPU
	EndGlobalSection
	GlobalSection(SolutionProperties) = preSolution
		HideSolutionNode = FALSE
	EndGlobalSection
	GlobalSection(ExtensibilityGlobals) = postSolution
		SolutionGuid = {EB07E52A-1C75-4A2A-B2DE-3DA5B8B54092}
	EndGlobalSection
EndGlobal
